// !$*UTF8*$!
{
	archiveVersion = 1;
	classes = {
	};
	objectVersion = 46;
	objects = {

/* Begin PBXBuildFile section */
		1B57581F1B61A506009FA095 /* ServiceManagement.framework in Frameworks */ = {isa = PBXBuildFile; fileRef = 1B57581E1B61A506009FA095 /* ServiceManagement.framework */; };
		1BE4B58E1B62A5FD00AECE7D /* main.m in Sources */ = {isa = PBXBuildFile; fileRef = 1BE4B58B1B62A5FD00AECE7D /* main.m */; };
		1BE4B58F1B62A5FD00AECE7D /* TSAppDelegate.m in Sources */ = {isa = PBXBuildFile; fileRef = 1BE4B58D1B62A5FD00AECE7D /* TSAppDelegate.m */; };
		1BE4B5921B62A62000AECE7D /* InfoPlist.strings in Resources */ = {isa = PBXBuildFile; fileRef = 1BE4B5901B62A62000AECE7D /* InfoPlist.strings */; };
		1BE4B5951B62A62900AECE7D /* MainMenu.xib in Resources */ = {isa = PBXBuildFile; fileRef = 1BE4B5931B62A62900AECE7D /* MainMenu.xib */; };
		2247EC0615A2300E00A5C034 /* Cocoa.framework in Frameworks */ = {isa = PBXBuildFile; fileRef = 2247EC0515A2300E00A5C034 /* Cocoa.framework */; };
/* End PBXBuildFile section */

/* Begin PBXFileReference section */
		1B57581E1B61A506009FA095 /* ServiceManagement.framework */ = {isa = PBXFileReference; lastKnownFileType = wrapper.framework; name = ServiceManagement.framework; path = System/Library/Frameworks/ServiceManagement.framework; sourceTree = SDKROOT; };
		1B70766C1F842B4E00894EB6 /* Base */ = {isa = PBXFileReference; lastKnownFileType = file.xib; name = Base; path = LiquifyDesktopHelperApp/Base.lproj/MainMenu.xib; sourceTree = "<group>"; };
		1BE4B58B1B62A5FD00AECE7D /* main.m */ = {isa = PBXFileReference; fileEncoding = 4; lastKnownFileType = sourcecode.c.objc; name = main.m; path = LiquifyDesktopHelperApp/main.m; sourceTree = SOURCE_ROOT; };
		1BE4B58C1B62A5FD00AECE7D /* TSAppDelegate.h */ = {isa = PBXFileReference; fileEncoding = 4; lastKnownFileType = sourcecode.c.h; name = TSAppDelegate.h; path = LiquifyDesktopHelperApp/TSAppDelegate.h; sourceTree = SOURCE_ROOT; };
		1BE4B58D1B62A5FD00AECE7D /* TSAppDelegate.m */ = {isa = PBXFileReference; fileEncoding = 4; lastKnownFileType = sourcecode.c.objc; name = TSAppDelegate.m; path = LiquifyDesktopHelperApp/TSAppDelegate.m; sourceTree = SOURCE_ROOT; };
		1BE4B5911B62A62000AECE7D /* en */ = {isa = PBXFileReference; lastKnownFileType = text.plist.strings; name = en; path = LiquifyDesktopHelperApp/en.lproj/InfoPlist.strings; sourceTree = SOURCE_ROOT; };
		2247EC0115A2300E00A5C034 /* LiquifyDesktopHelperApp.app */ = {isa = PBXFileReference; explicitFileType = wrapper.application; includeInIndex = 0; path = LiquifyDesktopHelperApp.app; sourceTree = BUILT_PRODUCTS_DIR; };
		2247EC0515A2300E00A5C034 /* Cocoa.framework */ = {isa = PBXFileReference; lastKnownFileType = wrapper.framework; name = Cocoa.framework; path = System/Library/Frameworks/Cocoa.framework; sourceTree = SDKROOT; };
		2247EC0815A2300E00A5C034 /* AppKit.framework */ = {isa = PBXFileReference; lastKnownFileType = wrapper.framework; name = AppKit.framework; path = System/Library/Frameworks/AppKit.framework; sourceTree = SDKROOT; };
		2247EC0915A2300E00A5C034 /* CoreData.framework */ = {isa = PBXFileReference; lastKnownFileType = wrapper.framework; name = CoreData.framework; path = System/Library/Frameworks/CoreData.framework; sourceTree = SDKROOT; };
		2247EC0A15A2300E00A5C034 /* Foundation.framework */ = {isa = PBXFileReference; lastKnownFileType = wrapper.framework; name = Foundation.framework; path = System/Library/Frameworks/Foundation.framework; sourceTree = SDKROOT; };
		2247EC0D15A2300E00A5C034 /* LiquifyDesktopHelperApp-Info.plist */ = {isa = PBXFileReference; lastKnownFileType = text.plist; name = "LiquifyDesktopHelperApp-Info.plist"; path = "LiquifyDesktopHelperApp/LiquifyDesktopHelperApp-Info.plist"; sourceTree = "<group>"; };
		2247EC1315A2300E00A5C034 /* LiquifyDesktopHelperApp-Prefix.pch */ = {isa = PBXFileReference; lastKnownFileType = sourcecode.c.h; name = "LiquifyDesktopHelperApp-Prefix.pch"; path = "LiquifyDesktopHelperApp/LiquifyDesktopHelperApp-Prefix.pch"; sourceTree = "<group>"; };
		2247EC6915A236FC00A5C034 /* LiquifyDesktopHelperApp.entitlements */ = {isa = PBXFileReference; lastKnownFileType = text.plist.entitlements; name = LiquifyDesktopHelperApp.entitlements; path = LiquifyDesktopHelperApp/LiquifyDesktopHelperApp.entitlements; sourceTree = "<group>"; };
/* End PBXFileReference section */

/* Begin PBXFrameworksBuildPhase section */
		2247EBFE15A2300E00A5C034 /* Frameworks */ = {
			isa = PBXFrameworksBuildPhase;
			buildActionMask = 2147483647;
			files = (
				1B57581F1B61A506009FA095 /* ServiceManagement.framework in Frameworks */,
				2247EC0615A2300E00A5C034 /* Cocoa.framework in Frameworks */,
			);
			runOnlyForDeploymentPostprocessing = 0;
		};
/* End PBXFrameworksBuildPhase section */

/* Begin PBXGroup section */
		2247EBF615A2300E00A5C034 = {
			isa = PBXGroup;
			children = (
				2247EC0B15A2300E00A5C034 /* LiquifyDesktopHelperApp */,
				2247EC0415A2300E00A5C034 /* Frameworks */,
				2247EC0215A2300E00A5C034 /* Products */,
			);
			sourceTree = "<group>";
		};
		2247EC0215A2300E00A5C034 /* Products */ = {
			isa = PBXGroup;
			children = (
				2247EC0115A2300E00A5C034 /* LiquifyDesktopHelperApp.app */,
			);
			name = Products;
			sourceTree = "<group>";
		};
		2247EC0415A2300E00A5C034 /* Frameworks */ = {
			isa = PBXGroup;
			children = (
				1B57581E1B61A506009FA095 /* ServiceManagement.framework */,
				2247EC0515A2300E00A5C034 /* Cocoa.framework */,
				2247EC0715A2300E00A5C034 /* Other Frameworks */,
			);
			name = Frameworks;
			sourceTree = "<group>";
		};
		2247EC0715A2300E00A5C034 /* Other Frameworks */ = {
			isa = PBXGroup;
			children = (
				2247EC0815A2300E00A5C034 /* AppKit.framework */,
				2247EC0915A2300E00A5C034 /* CoreData.framework */,
				2247EC0A15A2300E00A5C034 /* Foundation.framework */,
			);
			name = "Other Frameworks";
			sourceTree = "<group>";
		};
		2247EC0B15A2300E00A5C034 /* LiquifyDesktopHelperApp */ = {
			isa = PBXGroup;
			children = (
				1BE4B58C1B62A5FD00AECE7D /* TSAppDelegate.h */,
				1BE4B58D1B62A5FD00AECE7D /* TSAppDelegate.m */,
				2247EC6915A236FC00A5C034 /* LiquifyDesktopHelperApp.entitlements */,
				1BE4B5931B62A62900AECE7D /* MainMenu.xib */,
				2247EC0C15A2300E00A5C034 /* Supporting Files */,
			);
			name = LiquifyDesktopHelperApp;
			sourceTree = "<group>";
		};
		2247EC0C15A2300E00A5C034 /* Supporting Files */ = {
			isa = PBXGroup;
			children = (
				1BE4B5901B62A62000AECE7D /* InfoPlist.strings */,
				1BE4B58B1B62A5FD00AECE7D /* main.m */,
				2247EC0D15A2300E00A5C034 /* LiquifyDesktopHelperApp-Info.plist */,
				2247EC1315A2300E00A5C034 /* LiquifyDesktopHelperApp-Prefix.pch */,
			);
			name = "Supporting Files";
			sourceTree = "<group>";
		};
/* End PBXGroup section */

/* Begin PBXNativeTarget section */
		2247EC0015A2300E00A5C034 /* LiquifyDesktopHelperApp */ = {
			isa = PBXNativeTarget;
			buildConfigurationList = 2247EC1F15A2300F00A5C034 /* Build configuration list for PBXNativeTarget "LiquifyDesktopHelperApp" */;
			buildPhases = (
				2247EBFD15A2300E00A5C034 /* Sources */,
				2247EBFE15A2300E00A5C034 /* Frameworks */,
				2247EBFF15A2300E00A5C034 /* Resources */,
			);
			buildRules = (
			);
			dependencies = (
			);
			name = LiquifyDesktopHelperApp;
			productName = LaunchAtLoginHelperApp;
			productReference = 2247EC0115A2300E00A5C034 /* LiquifyDesktopHelperApp.app */;
			productType = "com.apple.product-type.application";
		};
/* End PBXNativeTarget section */

/* Begin PBXProject section */
		2247EBF815A2300E00A5C034 /* Project object */ = {
			isa = PBXProject;
			attributes = {
				CLASSPREFIX = TS;
				LastUpgradeCheck = 0930;
				ORGANIZATIONNAME = "Tim Schröder";
				TargetAttributes = {
					2247EC0015A2300E00A5C034 = {
						DevelopmentTeam = QVFBZ7RHN2;
						ProvisioningStyle = Automatic;
					};
				};
			};
			buildConfigurationList = 2247EBFB15A2300E00A5C034 /* Build configuration list for PBXProject "LiquifyDesktopHelperApp" */;
			compatibilityVersion = "Xcode 3.2";
			developmentRegion = English;
			hasScannedForEncodings = 0;
			knownRegions = (
				en,
				Base,
			);
			mainGroup = 2247EBF615A2300E00A5C034;
			productRefGroup = 2247EC0215A2300E00A5C034 /* Products */;
			projectDirPath = "";
			projectRoot = "";
			targets = (
				2247EC0015A2300E00A5C034 /* LiquifyDesktopHelperApp */,
			);
		};
/* End PBXProject section */

/* Begin PBXResourcesBuildPhase section */
		2247EBFF15A2300E00A5C034 /* Resources */ = {
			isa = PBXResourcesBuildPhase;
			buildActionMask = 2147483647;
			files = (
				1BE4B5921B62A62000AECE7D /* InfoPlist.strings in Resources */,
				1BE4B5951B62A62900AECE7D /* MainMenu.xib in Resources */,
			);
			runOnlyForDeploymentPostprocessing = 0;
		};
/* End PBXResourcesBuildPhase section */

/* Begin PBXSourcesBuildPhase section */
		2247EBFD15A2300E00A5C034 /* Sources */ = {
			isa = PBXSourcesBuildPhase;
			buildActionMask = 2147483647;
			files = (
				1BE4B58E1B62A5FD00AECE7D /* main.m in Sources */,
				1BE4B58F1B62A5FD00AECE7D /* TSAppDelegate.m in Sources */,
			);
			runOnlyForDeploymentPostprocessing = 0;
		};
/* End PBXSourcesBuildPhase section */

/* Begin PBXVariantGroup section */
		1BE4B5901B62A62000AECE7D /* InfoPlist.strings */ = {
			isa = PBXVariantGroup;
			children = (
				1BE4B5911B62A62000AECE7D /* en */,
			);
			name = InfoPlist.strings;
			sourceTree = "<group>";
		};
		1BE4B5931B62A62900AECE7D /* MainMenu.xib */ = {
			isa = PBXVariantGroup;
			children = (
				1B70766C1F842B4E00894EB6 /* Base */,
			);
			name = MainMenu.xib;
			sourceTree = "<group>";
		};
/* End PBXVariantGroup section */

/* Begin XCBuildConfiguration section */
		2247EC1D15A2300F00A5C034 /* Debug */ = {
			isa = XCBuildConfiguration;
			buildSettings = {
				ALWAYS_SEARCH_USER_PATHS = NO;
				CLANG_ENABLE_OBJC_ARC = YES;
				CLANG_WARN_BLOCK_CAPTURE_AUTORELEASING = YES;
				CLANG_WARN_BOOL_CONVERSION = YES;
				CLANG_WARN_COMMA = YES;
				CLANG_WARN_CONSTANT_CONVERSION = YES;
				CLANG_WARN_DEPRECATED_OBJC_IMPLEMENTATIONS = YES;
				CLANG_WARN_EMPTY_BODY = YES;
				CLANG_WARN_ENUM_CONVERSION = YES;
				CLANG_WARN_INFINITE_RECURSION = YES;
				CLANG_WARN_INT_CONVERSION = YES;
				CLANG_WARN_NON_LITERAL_NULL_CONVERSION = YES;
				CLANG_WARN_OBJC_IMPLICIT_RETAIN_SELF = YES;
				CLANG_WARN_OBJC_LITERAL_CONVERSION = YES;
				CLANG_WARN_RANGE_LOOP_ANALYSIS = YES;
				CLANG_WARN_STRICT_PROTOTYPES = YES;
				CLANG_WARN_SUSPICIOUS_MOVE = YES;
				CLANG_WARN_UNREACHABLE_CODE = YES;
				CLANG_WARN__DUPLICATE_METHOD_MATCH = YES;
				COPY_PHASE_STRIP = NO;
				ENABLE_STRICT_OBJC_MSGSEND = YES;
				ENABLE_TESTABILITY = YES;
				GCC_C_LANGUAGE_STANDARD = gnu99;
				GCC_DYNAMIC_NO_PIC = NO;
				GCC_ENABLE_OBJC_EXCEPTIONS = YES;
				GCC_NO_COMMON_BLOCKS = YES;
				GCC_OPTIMIZATION_LEVEL = 0;
				GCC_PREPROCESSOR_DEFINITIONS = (
					"DEBUG=1",
					"$(inherited)",
				);
				GCC_SYMBOLS_PRIVATE_EXTERN = NO;
				GCC_VERSION = com.apple.compilers.llvm.clang.1_0;
				GCC_WARN_64_TO_32_BIT_CONVERSION = YES;
				GCC_WARN_ABOUT_RETURN_TYPE = YES;
				GCC_WARN_UNDECLARED_SELECTOR = YES;
				GCC_WARN_UNINITIALIZED_AUTOS = YES;
				GCC_WARN_UNUSED_FUNCTION = YES;
				GCC_WARN_UNUSED_VARIABLE = YES;
				MACOSX_DEPLOYMENT_TARGET = 10.7;
				ONLY_ACTIVE_ARCH = YES;
				SDKROOT = macosx;
			};
			name = Debug;
		};
		2247EC1E15A2300F00A5C034 /* Release */ = {
			isa = XCBuildConfiguration;
			buildSettings = {
				ALWAYS_SEARCH_USER_PATHS = NO;
				CLANG_ENABLE_OBJC_ARC = YES;
				CLANG_WARN_BLOCK_CAPTURE_AUTORELEASING = YES;
				CLANG_WARN_BOOL_CONVERSION = YES;
				CLANG_WARN_COMMA = YES;
				CLANG_WARN_CONSTANT_CONVERSION = YES;
				CLANG_WARN_DEPRECATED_OBJC_IMPLEMENTATIONS = YES;
				CLANG_WARN_EMPTY_BODY = YES;
				CLANG_WARN_ENUM_CONVERSION = YES;
				CLANG_WARN_INFINITE_RECURSION = YES;
				CLANG_WARN_INT_CONVERSION = YES;
				CLANG_WARN_NON_LITERAL_NULL_CONVERSION = YES;
				CLANG_WARN_OBJC_IMPLICIT_RETAIN_SELF = YES;
				CLANG_WARN_OBJC_LITERAL_CONVERSION = YES;
				CLANG_WARN_RANGE_LOOP_ANALYSIS = YES;
				CLANG_WARN_STRICT_PROTOTYPES = YES;
				CLANG_WARN_SUSPICIOUS_MOVE = YES;
				CLANG_WARN_UNREACHABLE_CODE = YES;
				CLANG_WARN__DUPLICATE_METHOD_MATCH = YES;
				COPY_PHASE_STRIP = YES;
				DEBUG_INFORMATION_FORMAT = "dwarf-with-dsym";
				ENABLE_STRICT_OBJC_MSGSEND = YES;
				GCC_C_LANGUAGE_STANDARD = gnu99;
				GCC_ENABLE_OBJC_EXCEPTIONS = YES;
				GCC_NO_COMMON_BLOCKS = YES;
				GCC_VERSION = com.apple.compilers.llvm.clang.1_0;
				GCC_WARN_64_TO_32_BIT_CONVERSION = YES;
				GCC_WARN_ABOUT_RETURN_TYPE = YES;
				GCC_WARN_UNDECLARED_SELECTOR = YES;
				GCC_WARN_UNINITIALIZED_AUTOS = YES;
				GCC_WARN_UNUSED_FUNCTION = YES;
				GCC_WARN_UNUSED_VARIABLE = YES;
				MACOSX_DEPLOYMENT_TARGET = 10.7;
				SDKROOT = macosx;
			};
			name = Release;
		};
		2247EC2015A2300F00A5C034 /* Debug */ = {
			isa = XCBuildConfiguration;
			buildSettings = {
				CODE_SIGN_ENTITLEMENTS = LiquifyDesktopHelperApp/LiquifyDesktopHelperApp.entitlements;
				CODE_SIGN_IDENTITY = "Mac Developer";
				CODE_SIGN_STYLE = Automatic;
				COMBINE_HIDPI_IMAGES = YES;
				DEVELOPMENT_TEAM = "";
				GCC_PRECOMPILE_PREFIX_HEADER = YES;
				GCC_PREFIX_HEADER = "LiquifyDesktopHelperApp/LiquifyDesktopHelperApp-Prefix.pch";
				INFOPLIST_FILE = "LiquifyDesktopHelperApp/LiquifyDesktopHelperApp-Info.plist";
				PRODUCT_BUNDLE_IDENTIFIER = "com.lymes.$(PRODUCT_NAME:rfc1034identifier)";
				PRODUCT_NAME = "$(TARGET_NAME)";
				PROVISIONING_PROFILE_SPECIFIER = "";
				SKIP_INSTALL = YES;
				WRAPPER_EXTENSION = app;
			};
			name = Debug;
		};
		2247EC2115A2300F00A5C034 /* Release */ = {
			isa = XCBuildConfiguration;
			buildSettings = {
				CODE_SIGN_ENTITLEMENTS = LiquifyDesktopHelperApp/LiquifyDesktopHelperApp.entitlements;
				CODE_SIGN_IDENTITY = "Mac Developer";
				CODE_SIGN_STYLE = Automatic;
				COMBINE_HIDPI_IMAGES = YES;
				DEVELOPMENT_TEAM = "";
				GCC_PRECOMPILE_PREFIX_HEADER = YES;
				GCC_PREFIX_HEADER = "LiquifyDesktopHelperApp/LiquifyDesktopHelperApp-Prefix.pch";
				INFOPLIST_FILE = "LiquifyDesktopHelperApp/LiquifyDesktopHelperApp-Info.plist";
				PRODUCT_BUNDLE_IDENTIFIER = "com.lymes.$(PRODUCT_NAME:rfc1034identifier)";
				PRODUCT_NAME = "$(TARGET_NAME)";
				PROVISIONING_PROFILE = "";
				PROVISIONING_PROFILE_SPECIFIER = "";
				SKIP_INSTALL = YES;
				WRAPPER_EXTENSION = app;
			};
			name = Release;
		};
/* End XCBuildConfiguration section */

/* Begin XCConfigurationList section */
		2247EBFB15A2300E00A5C034 /* Build configuration list for PBXProject "LiquifyDesktopHelperApp" */ = {
			isa = XCConfigurationList;
			buildConfigurations = (
				2247EC1D15A2300F00A5C034 /* Debug */,
				2247EC1E15A2300F00A5C034 /* Release */,
			);
			defaultConfigurationIsVisible = 0;
			defaultConfigurationName = Release;
		};
		2247EC1F15A2300F00A5C034 /* Build configuration list for PBXNativeTarget "LiquifyDesktopHelperApp" */ = {
			isa = XCConfigurationList;
			buildConfigurations = (
				2247EC2015A2300F00A5C034 /* Debug */,
				2247EC2115A2300F00A5C034 /* Release */,
			);
			defaultConfigurationIsVisible = 0;
			defaultConfigurationName = Release;
		};
/* End XCConfigurationList section */
	};
	rootObject = 2247EBF815A2300E00A5C034 /* Project object */;
}
